{
  "name": "@cray/db",
  "lockfileVersion": 3,
  "requires": true,
  "packages": {
    "": {
      "name": "@cray/db",
      "dependencies": {
        "postgres": "^3.4.7"
      }
    },
    "node_modules/postgres": {
      "version": "3.4.9",
      "license": "Unlicense",
      "engines": {
        "node": ">=12"
      },
      "funding": {
        "type": "individual",
        "url": "https://github.com/sponsors/porsager"
      }
    }
  }
}
